
Microsoft Visual Studio Solution File, Format Version 12.00
Project("{FAE04EC0-301F-11D3-BF4B-00C04F79EFBC}") = "ItPlanet.Web", "ItPlanet.Web\ItPlanet.Web.csproj", "{0FE56077-39B9-4F34-94FD-59CB0DD4CD24}"
EndProject
Project("{FAE04EC0-301F-11D3-BF4B-00C04F79EFBC}") = "ItPlanet.UnitTests", "ItPlanet.UnitTests\ItPlanet.UnitTests.csproj", "{EC7FD03A-0522-449A-A904-43B863058338}"
EndProject
Project("{FAE04EC0-301F-11D3-BF4B-00C04F79EFBC}") = "ItPlanet.Domain", "ItPlanet.Domain\ItPlanet.Domain.csproj", "{CA052AE9-88A1-402B-9201-F4C7EC8C8902}"
EndProject
Project("{FAE04EC0-301F-11D3-BF4B-00C04F79EFBC}") = "ItPlanet.Infrastructure", "ItPlanet.Infrastructure\ItPlanet.Infrastructure.csproj", "{7E62ACFC-E4B7-40DC-8471-34223D672E6C}"
EndProject
Project("{FAE04EC0-301F-11D3-BF4B-00C04F79EFBC}") = "ItPlanet.Tracing", "ItPlanet.Tracing\ItPlanet.Tracing.csproj", "{07037DC2-892D-4683-9959-95F5C3D69A15}"
EndProject
Global
	GlobalSection(SolutionConfigurationPlatforms) = preSolution
		Debug|Any CPU = Debug|Any CPU
		Release|Any CPU = Release|Any CPU
		InMemory|Any CPU = InMemory|Any CPU
	EndGlobalSection
	GlobalSection(ProjectConfigurationPlatforms) = postSolution
		{0FE56077-39B9-4F34-94FD-59CB0DD4CD24}.Debug|Any CPU.ActiveCfg = Debug|Any CPU
		{0FE56077-39B9-4F34-94FD-59CB0DD4CD24}.Debug|Any CPU.Build.0 = Debug|Any CPU
		{0FE56077-39B9-4F34-94FD-59CB0DD4CD24}.Release|Any CPU.ActiveCfg = Release|Any CPU
		{0FE56077-39B9-4F34-94FD-59CB0DD4CD24}.Release|Any CPU.Build.0 = Release|Any CPU
		{0FE56077-39B9-4F34-94FD-59CB0DD4CD24}.InMemory|Any CPU.ActiveCfg = InMemory|Any CPU
		{0FE56077-39B9-4F34-94FD-59CB0DD4CD24}.InMemory|Any CPU.Build.0 = InMemory|Any CPU
		{EC7FD03A-0522-449A-A904-43B863058338}.Debug|Any CPU.ActiveCfg = Debug|Any CPU
		{EC7FD03A-0522-449A-A904-43B863058338}.Debug|Any CPU.Build.0 = Debug|Any CPU
		{EC7FD03A-0522-449A-A904-43B863058338}.Release|Any CPU.ActiveCfg = Release|Any CPU
		{EC7FD03A-0522-449A-A904-43B863058338}.Release|Any CPU.Build.0 = Release|Any CPU
		{EC7FD03A-0522-449A-A904-43B863058338}.InMemory|Any CPU.ActiveCfg = InMemory|Any CPU
		{EC7FD03A-0522-449A-A904-43B863058338}.InMemory|Any CPU.Build.0 = InMemory|Any CPU
		{CA052AE9-88A1-402B-9201-F4C7EC8C8902}.Debug|Any CPU.ActiveCfg = Debug|Any CPU
		{CA052AE9-88A1-402B-9201-F4C7EC8C8902}.Debug|Any CPU.Build.0 = Debug|Any CPU
		{CA052AE9-88A1-402B-9201-F4C7EC8C8902}.Release|Any CPU.ActiveCfg = Release|Any CPU
		{CA052AE9-88A1-402B-9201-F4C7EC8C8902}.Release|Any CPU.Build.0 = Release|Any CPU
		{CA052AE9-88A1-402B-9201-F4C7EC8C8902}.InMemory|Any CPU.ActiveCfg = InMemory|Any CPU
		{CA052AE9-88A1-402B-9201-F4C7EC8C8902}.InMemory|Any CPU.Build.0 = InMemory|Any CPU
		{7E62ACFC-E4B7-40DC-8471-34223D672E6C}.Debug|Any CPU.ActiveCfg = Debug|Any CPU
		{7E62ACFC-E4B7-40DC-8471-34223D672E6C}.Debug|Any CPU.Build.0 = Debug|Any CPU
		{7E62ACFC-E4B7-40DC-8471-34223D672E6C}.Release|Any CPU.ActiveCfg = Release|Any CPU
		{7E62ACFC-E4B7-40DC-8471-34223D672E6C}.Release|Any CPU.Build.0 = Release|Any CPU
		{7E62ACFC-E4B7-40DC-8471-34223D672E6C}.InMemory|Any CPU.ActiveCfg = InMemory|Any CPU
		{7E62ACFC-E4B7-40DC-8471-34223D672E6C}.InMemory|Any CPU.Build.0 = InMemory|Any CPU
		{07037DC2-892D-4683-9959-95F5C3D69A15}.Debug|Any CPU.ActiveCfg = Debug|Any CPU
		{07037DC2-892D-4683-9959-95F5C3D69A15}.Debug|Any CPU.Build.0 = Debug|Any CPU
		{07037DC2-892D-4683-9959-95F5C3D69A15}.Release|Any CPU.ActiveCfg = Release|Any CPU
		{07037DC2-892D-4683-9959-95F5C3D69A15}.Release|Any CPU.Build.0 = Release|Any CPU
		{07037DC2-892D-4683-9959-95F5C3D69A15}.InMemory|Any CPU.ActiveCfg = Debug|Any CPU
		{07037DC2-892D-4683-9959-95F5C3D69A15}.InMemory|Any CPU.Build.0 = Debug|Any CPU
	EndGlobalSection
EndGlobal
